
Microsoft Visual Studio Solution File, Format Version 12.00
# Visual Studio Version 17
VisualStudioVersion = 17.7.34009.444
MinimumVisualStudioVersion = 10.0.40219.1
Project("{FAE04EC0-301F-11D3-BF4B-00C04F79EFBC}") = "ProjetoAgendaContatos", "ProjetoAgendaContatos.csproj", "{FE36FFBD-34B0-40F9-9E28-AB7A2BB0ADBB}"
EndProject
Global
	GlobalSection(SolutionConfigurationPlatforms) = preSolution
		Debug|Any CPU = Debug|Any CPU
		Release|Any CPU = Release|Any CPU
	EndGlobalSection
	GlobalSection(ProjectConfigurationPlatforms) = postSolution
		{FE36FFBD-34B0-40F9-9E28-AB7A2BB0ADBB}.Debug|Any CPU.ActiveCfg = Debug|Any CPU
		{FE36FFBD-34B0-40F9-9E28-AB7A2BB0ADBB}.Debug|Any CPU.Build.0 = Debug|Any CPU
		{FE36FFBD-34B0-40F9-9E28-AB7A2BB0ADBB}.Release|Any CPU.ActiveCfg = Release|Any CPU
		{FE36FFBD-34B0-40F9-9E28-AB7A2BB0ADBB}.Release|Any CPU.Build.0 = Release|Any CPU
	EndGlobalSection
	GlobalSection(SolutionProperties) = preSolution
		HideSolutionNode = FALSE
	EndGlobalSection
	GlobalSection(ExtensibilityGlobals) = postSolution
		SolutionGuid = {6478F0ED-8077-4941-89A7-C3A63EEF94F8}
	EndGlobalSection
EndGlobal
